// !$*UTF8*$!
{
	archiveVersion = 1;
	classes = {
	};
	objectVersion = 46;
	objects = {

/* Begin PBXBuildFile section */
		866A07C61E1CFAE1009991BA /* Errors.swift in Sources */ = {isa = PBXBuildFile; fileRef = 866A07C41E1CFAE1009991BA /* Errors.swift */; };
		866A07C71E1CFAE1009991BA /* JSONparsing.swift in Sources */ = {isa = PBXBuildFile; fileRef = 866A07C51E1CFAE1009991BA /* JSONparsing.swift */; };
		866A07C91E1CFAF2009991BA /* books_readable.json in Resources */ = {isa = PBXBuildFile; fileRef = 866A07C81E1CFAF2009991BA /* books_readable.json */; };
		866A07CE1E1CFB63009991BA /* Foundation.swift in Sources */ = {isa = PBXBuildFile; fileRef = 866A07CD1E1CFB63009991BA /* Foundation.swift */; };
		866A07D11E1D031B009991BA /* Book+CoreDataProperties.swift in Sources */ = {isa = PBXBuildFile; fileRef = 866A07D01E1D031B009991BA /* Book+CoreDataProperties.swift */; };
		866A07D31E1D2C36009991BA /* CoreDataTableViewController.swift in Sources */ = {isa = PBXBuildFile; fileRef = 866A07D21E1D2C36009991BA /* CoreDataTableViewController.swift */; };
		8685BE0B1E200BB80081FCE7 /* MapViewController.swift in Sources */ = {isa = PBXBuildFile; fileRef = 8685BE0A1E200BB80081FCE7 /* MapViewController.swift */; };
		8685BE0D1E2020540081FCE7 /* chibiVader.jpg in Resources */ = {isa = PBXBuildFile; fileRef = 8685BE0C1E2020540081FCE7 /* chibiVader.jpg */; };
		86DAE2091E21162B00445FFE /* Annotations+CoreDataClass.swift in Sources */ = {isa = PBXBuildFile; fileRef = 86DAE2071E21162B00445FFE /* Annotations+CoreDataClass.swift */; };
		86DAE20A1E21162B00445FFE /* Annotations+CoreDataProperties.swift in Sources */ = {isa = PBXBuildFile; fileRef = 86DAE2081E21162B00445FFE /* Annotations+CoreDataProperties.swift */; };
		86E574DD1E1ED346003BC8D3 /* CustomTableViewCell.swift in Sources */ = {isa = PBXBuildFile; fileRef = 86E574DC1E1ED346003BC8D3 /* CustomTableViewCell.swift */; };
		86E574DF1E1EDEF2003BC8D3 /* DetailBookViewController.swift in Sources */ = {isa = PBXBuildFile; fileRef = 86E574DE1E1EDEF2003BC8D3 /* DetailBookViewController.swift */; };
		86E574E11E1EE70E003BC8D3 /* PdfViewController.swift in Sources */ = {isa = PBXBuildFile; fileRef = 86E574E01E1EE70E003BC8D3 /* PdfViewController.swift */; };
		F4490EB31E1C5EAC0002BD45 /* AppDelegate.swift in Sources */ = {isa = PBXBuildFile; fileRef = F4490EB21E1C5EAC0002BD45 /* AppDelegate.swift */; };
		F4490EB51E1C5EAC0002BD45 /* ViewController.swift in Sources */ = {isa = PBXBuildFile; fileRef = F4490EB41E1C5EAC0002BD45 /* ViewController.swift */; };
		F4490EB81E1C5EAC0002BD45 /* Main.storyboard in Resources */ = {isa = PBXBuildFile; fileRef = F4490EB61E1C5EAC0002BD45 /* Main.storyboard */; };
		F4490EBB1E1C5EAC0002BD45 /* HackerBooksSuperPro.xcdatamodeld in Sources */ = {isa = PBXBuildFile; fileRef = F4490EB91E1C5EAC0002BD45 /* HackerBooksSuperPro.xcdatamodeld */; };
		F4490EBD1E1C5EAC0002BD45 /* Assets.xcassets in Resources */ = {isa = PBXBuildFile; fileRef = F4490EBC1E1C5EAC0002BD45 /* Assets.xcassets */; };
		F4490EC01E1C5EAC0002BD45 /* LaunchScreen.storyboard in Resources */ = {isa = PBXBuildFile; fileRef = F4490EBE1E1C5EAC0002BD45 /* LaunchScreen.storyboard */; };
		F4490ECB1E1C5F1C0002BD45 /* Tag+CoreDataClass.swift in Sources */ = {isa = PBXBuildFile; fileRef = F4490EC71E1C5F1C0002BD45 /* Tag+CoreDataClass.swift */; };
		F4490ECC1E1C5F1C0002BD45 /* Tag+CoreDataProperties.swift in Sources */ = {isa = PBXBuildFile; fileRef = F4490EC81E1C5F1C0002BD45 /* Tag+CoreDataProperties.swift */; };
		F4490ECD1E1C5F1C0002BD45 /* Book+CoreDataClass.swift in Sources */ = {isa = PBXBuildFile; fileRef = F4490EC91E1C5F1C0002BD45 /* Book+CoreDataClass.swift */; };
		F4490ED51E1C604A0002BD45 /* Author+CoreDataClass.swift in Sources */ = {isa = PBXBuildFile; fileRef = F4490ECF1E1C604A0002BD45 /* Author+CoreDataClass.swift */; };
		F4490ED61E1C604A0002BD45 /* Author+CoreDataProperties.swift in Sources */ = {isa = PBXBuildFile; fileRef = F4490ED01E1C604A0002BD45 /* Author+CoreDataProperties.swift */; };
		F4490ED71E1C604A0002BD45 /* Pdf+CoreDataClass.swift in Sources */ = {isa = PBXBuildFile; fileRef = F4490ED11E1C604A0002BD45 /* Pdf+CoreDataClass.swift */; };
		F4490ED81E1C604A0002BD45 /* Pdf+CoreDataProperties.swift in Sources */ = {isa = PBXBuildFile; fileRef = F4490ED21E1C604A0002BD45 /* Pdf+CoreDataProperties.swift */; };
		F4490ED91E1C604A0002BD45 /* Photo+CoreDataClass.swift in Sources */ = {isa = PBXBuildFile; fileRef = F4490ED31E1C604A0002BD45 /* Photo+CoreDataClass.swift */; };
		F4490EDA1E1C604A0002BD45 /* Photo+CoreDataProperties.swift in Sources */ = {isa = PBXBuildFile; fileRef = F4490ED41E1C604A0002BD45 /* Photo+CoreDataProperties.swift */; };
/* End PBXBuildFile section */

/* Begin PBXFileReference section */
		866A07C41E1CFAE1009991BA /* Errors.swift */ = {isa = PBXFileReference; fileEncoding = 4; lastKnownFileType = sourcecode.swift; path = Errors.swift; sourceTree = "<group>"; };
		866A07C51E1CFAE1009991BA /* JSONparsing.swift */ = {isa = PBXFileReference; fileEncoding = 4; lastKnownFileType = sourcecode.swift; path = JSONparsing.swift; sourceTree = "<group>"; };
		866A07C81E1CFAF2009991BA /* books_readable.json */ = {isa = PBXFileReference; fileEncoding = 4; lastKnownFileType = text.json; path = books_readable.json; sourceTree = "<group>"; };
		866A07CD1E1CFB63009991BA /* Foundation.swift */ = {isa = PBXFileReference; fileEncoding = 4; lastKnownFileType = sourcecode.swift; path = Foundation.swift; sourceTree = "<group>"; };
		866A07D01E1D031B009991BA /* Book+CoreDataProperties.swift */ = {isa = PBXFileReference; fileEncoding = 4; lastKnownFileType = sourcecode.swift; path = "Book+CoreDataProperties.swift"; sourceTree = "<group>"; };
		866A07D21E1D2C36009991BA /* CoreDataTableViewController.swift */ = {isa = PBXFileReference; fileEncoding = 4; lastKnownFileType = sourcecode.swift; path = CoreDataTableViewController.swift; sourceTree = "<group>"; };
		8685BE0A1E200BB80081FCE7 /* MapViewController.swift */ = {isa = PBXFileReference; fileEncoding = 4; lastKnownFileType = sourcecode.swift; name = MapViewController.swift; path = HackerBooksSuperPro/MapViewController.swift; sourceTree = "<group>"; };
		8685BE0C1E2020540081FCE7 /* chibiVader.jpg */ = {isa = PBXFileReference; lastKnownFileType = image.jpeg; path = chibiVader.jpg; sourceTree = "<group>"; };
		86DAE2071E21162B00445FFE /* Annotations+CoreDataClass.swift */ = {isa = PBXFileReference; fileEncoding = 4; lastKnownFileType = sourcecode.swift; path = "Annotations+CoreDataClass.swift"; sourceTree = "<group>"; };
		86DAE2081E21162B00445FFE /* Annotations+CoreDataProperties.swift */ = {isa = PBXFileReference; fileEncoding = 4; lastKnownFileType = sourcecode.swift; path = "Annotations+CoreDataProperties.swift"; sourceTree = "<group>"; };
		86E574DC1E1ED346003BC8D3 /* CustomTableViewCell.swift */ = {isa = PBXFileReference; fileEncoding = 4; lastKnownFileType = sourcecode.swift; path = CustomTableViewCell.swift; sourceTree = "<group>"; };
		86E574DE1E1EDEF2003BC8D3 /* DetailBookViewController.swift */ = {isa = PBXFileReference; fileEncoding = 4; lastKnownFileType = sourcecode.swift; path = DetailBookViewController.swift; sourceTree = "<group>"; };
		86E574E01E1EE70E003BC8D3 /* PdfViewController.swift */ = {isa = PBXFileReference; fileEncoding = 4; lastKnownFileType = sourcecode.swift; path = PdfViewController.swift; sourceTree = "<group>"; };
		F4490EAF1E1C5EAC0002BD45 /* HackerBooksSuperPro.app */ = {isa = PBXFileReference; explicitFileType = wrapper.application; includeInIndex = 0; path = HackerBooksSuperPro.app; sourceTree = BUILT_PRODUCTS_DIR; };
		F4490EB21E1C5EAC0002BD45 /* AppDelegate.swift */ = {isa = PBXFileReference; lastKnownFileType = sourcecode.swift; path = AppDelegate.swift; sourceTree = "<group>"; };
		F4490EB41E1C5EAC0002BD45 /* ViewController.swift */ = {isa = PBXFileReference; lastKnownFileType = sourcecode.swift; path = ViewController.swift; sourceTree = "<group>"; };
		F4490EB71E1C5EAC0002BD45 /* Base */ = {isa = PBXFileReference; lastKnownFileType = file.storyboard; name = Base; path = Base.lproj/Main.storyboard; sourceTree = "<group>"; };
		F4490EBA1E1C5EAC0002BD45 /* HackerBooksSuperPro.xcdatamodel */ = {isa = PBXFileReference; lastKnownFileType = wrapper.xcdatamodel; path = HackerBooksSuperPro.xcdatamodel; sourceTree = "<group>"; };
		F4490EBC1E1C5EAC0002BD45 /* Assets.xcassets */ = {isa = PBXFileReference; lastKnownFileType = folder.assetcatalog; path = Assets.xcassets; sourceTree = "<group>"; };
		F4490EBF1E1C5EAC0002BD45 /* Base */ = {isa = PBXFileReference; lastKnownFileType = file.storyboard; name = Base; path = Base.lproj/LaunchScreen.storyboard; sourceTree = "<group>"; };
		F4490EC11E1C5EAC0002BD45 /* Info.plist */ = {isa = PBXFileReference; lastKnownFileType = text.plist.xml; path = Info.plist; sourceTree = "<group>"; };
		F4490EC71E1C5F1C0002BD45 /* Tag+CoreDataClass.swift */ = {isa = PBXFileReference; fileEncoding = 4; lastKnownFileType = sourcecode.swift; path = "Tag+CoreDataClass.swift"; sourceTree = "<group>"; };
		F4490EC81E1C5F1C0002BD45 /* Tag+CoreDataProperties.swift */ = {isa = PBXFileReference; fileEncoding = 4; lastKnownFileType = sourcecode.swift; path = "Tag+CoreDataProperties.swift"; sourceTree = "<group>"; };
		F4490EC91E1C5F1C0002BD45 /* Book+CoreDataClass.swift */ = {isa = PBXFileReference; fileEncoding = 4; lastKnownFileType = sourcecode.swift; path = "Book+CoreDataClass.swift"; sourceTree = "<group>"; };
		F4490ECF1E1C604A0002BD45 /* Author+CoreDataClass.swift */ = {isa = PBXFileReference; fileEncoding = 4; lastKnownFileType = sourcecode.swift; path = "Author+CoreDataClass.swift"; sourceTree = "<group>"; };
		F4490ED01E1C604A0002BD45 /* Author+CoreDataProperties.swift */ = {isa = PBXFileReference; fileEncoding = 4; lastKnownFileType = sourcecode.swift; path = "Author+CoreDataProperties.swift"; sourceTree = "<group>"; };
		F4490ED11E1C604A0002BD45 /* Pdf+CoreDataClass.swift */ = {isa = PBXFileReference; fileEncoding = 4; lastKnownFileType = sourcecode.swift; path = "Pdf+CoreDataClass.swift"; sourceTree = "<group>"; };
		F4490ED21E1C604A0002BD45 /* Pdf+CoreDataProperties.swift */ = {isa = PBXFileReference; fileEncoding = 4; lastKnownFileType = sourcecode.swift; path = "Pdf+CoreDataProperties.swift"; sourceTree = "<group>"; };
		F4490ED31E1C604A0002BD45 /* Photo+CoreDataClass.swift */ = {isa = PBXFileReference; fileEncoding = 4; lastKnownFileType = sourcecode.swift; path = "Photo+CoreDataClass.swift"; sourceTree = "<group>"; };
		F4490ED41E1C604A0002BD45 /* Photo+CoreDataProperties.swift */ = {isa = PBXFileReference; fileEncoding = 4; lastKnownFileType = sourcecode.swift; path = "Photo+CoreDataProperties.swift"; sourceTree = "<group>"; };
/* End PBXFileReference section */

/* Begin PBXFrameworksBuildPhase section */
		F4490EAC1E1C5EAC0002BD45 /* Frameworks */ = {
			isa = PBXFrameworksBuildPhase;
			buildActionMask = 2147483647;
			files = (
			);
			runOnlyForDeploymentPostprocessing = 0;
		};
/* End PBXFrameworksBuildPhase section */

/* Begin PBXGroup section */
		866A07CA1E1CFAF9009991BA /* Resources */ = {
			isa = PBXGroup;
			children = (
				8685BE0C1E2020540081FCE7 /* chibiVader.jpg */,
				866A07C81E1CFAF2009991BA /* books_readable.json */,
			);
			name = Resources;
			sourceTree = "<group>";
		};
		866A07CB1E1CFB06009991BA /* Machine */ = {
			isa = PBXGroup;
			children = (
				86DAE2081E21162B00445FFE /* Annotations+CoreDataProperties.swift */,
				F4490ED01E1C604A0002BD45 /* Author+CoreDataProperties.swift */,
				866A07D01E1D031B009991BA /* Book+CoreDataProperties.swift */,
				F4490ED21E1C604A0002BD45 /* Pdf+CoreDataProperties.swift */,
				F4490ED41E1C604A0002BD45 /* Photo+CoreDataProperties.swift */,
				F4490EC81E1C5F1C0002BD45 /* Tag+CoreDataProperties.swift */,
			);
			name = Machine;
			sourceTree = "<group>";
		};
		866A07CC1E1CFB12009991BA /* Model */ = {
			isa = PBXGroup;
			children = (
				86DAE2071E21162B00445FFE /* Annotations+CoreDataClass.swift */,
				F4490ECF1E1C604A0002BD45 /* Author+CoreDataClass.swift */,
				F4490ED11E1C604A0002BD45 /* Pdf+CoreDataClass.swift */,
				F4490ED31E1C604A0002BD45 /* Photo+CoreDataClass.swift */,
				F4490EC71E1C5F1C0002BD45 /* Tag+CoreDataClass.swift */,
				F4490EC91E1C5F1C0002BD45 /* Book+CoreDataClass.swift */,
				86E574DC1E1ED346003BC8D3 /* CustomTableViewCell.swift */,
			);
			name = Model;
			sourceTree = "<group>";
		};
		866A07CF1E1CFB68009991BA /* Frameworks */ = {
			isa = PBXGroup;
			children = (
				866A07CD1E1CFB63009991BA /* Foundation.swift */,
			);
			name = Frameworks;
			sourceTree = "<group>";
		};
		866A07D41E1DAF20009991BA /* Controller */ = {
			isa = PBXGroup;
			children = (
				866A07D21E1D2C36009991BA /* CoreDataTableViewController.swift */,
				86E574DE1E1EDEF2003BC8D3 /* DetailBookViewController.swift */,
				86E574E01E1EE70E003BC8D3 /* PdfViewController.swift */,
				8685BE0A1E200BB80081FCE7 /* MapViewController.swift */,
			);
			name = Controller;
			sourceTree = "<group>";
		};
		F4490EA61E1C5EAC0002BD45 = {
			isa = PBXGroup;
			children = (
				866A07D41E1DAF20009991BA /* Controller */,
				866A07CF1E1CFB68009991BA /* Frameworks */,
				866A07CC1E1CFB12009991BA /* Model */,
				866A07CB1E1CFB06009991BA /* Machine */,
				866A07CA1E1CFAF9009991BA /* Resources */,
				F4490EB11E1C5EAC0002BD45 /* HackerBooksSuperPro */,
				F4490EB01E1C5EAC0002BD45 /* Products */,
			);
			sourceTree = "<group>";
		};
		F4490EB01E1C5EAC0002BD45 /* Products */ = {
			isa = PBXGroup;
			children = (
				F4490EAF1E1C5EAC0002BD45 /* HackerBooksSuperPro.app */,
			);
			name = Products;
			sourceTree = "<group>";
		};
		F4490EB11E1C5EAC0002BD45 /* HackerBooksSuperPro */ = {
			isa = PBXGroup;
			children = (
				F4490EB21E1C5EAC0002BD45 /* AppDelegate.swift */,
				F4490EB41E1C5EAC0002BD45 /* ViewController.swift */,
				F4490EB61E1C5EAC0002BD45 /* Main.storyboard */,
				F4490EBC1E1C5EAC0002BD45 /* Assets.xcassets */,
				866A07C41E1CFAE1009991BA /* Errors.swift */,
				866A07C51E1CFAE1009991BA /* JSONparsing.swift */,
				F4490EBE1E1C5EAC0002BD45 /* LaunchScreen.storyboard */,
				F4490EC11E1C5EAC0002BD45 /* Info.plist */,
				F4490EB91E1C5EAC0002BD45 /* HackerBooksSuperPro.xcdatamodeld */,
			);
			path = HackerBooksSuperPro;
			sourceTree = "<group>";
		};
/* End PBXGroup section */

/* Begin PBXNativeTarget section */
		F4490EAE1E1C5EAC0002BD45 /* HackerBooksSuperPro */ = {
			isa = PBXNativeTarget;
			buildConfigurationList = F4490EC41E1C5EAC0002BD45 /* Build configuration list for PBXNativeTarget "HackerBooksSuperPro" */;
			buildPhases = (
				F4490EAB1E1C5EAC0002BD45 /* Sources */,
				F4490EAC1E1C5EAC0002BD45 /* Frameworks */,
				F4490EAD1E1C5EAC0002BD45 /* Resources */,
			);
			buildRules = (
			);
			dependencies = (
			);
			name = HackerBooksSuperPro;
			productName = HackerBooksSuperPro;
			productReference = F4490EAF1E1C5EAC0002BD45 /* HackerBooksSuperPro.app */;
			productType = "com.apple.product-type.application";
		};
/* End PBXNativeTarget section */

/* Begin PBXProject section */
		F4490EA71E1C5EAC0002BD45 /* Project object */ = {
			isa = PBXProject;
			attributes = {
				LastSwiftUpdateCheck = 0800;
				LastUpgradeCheck = 0800;
				ORGANIZATIONNAME = styleapps;
				TargetAttributes = {
					F4490EAE1E1C5EAC0002BD45 = {
						CreatedOnToolsVersion = 8.0;
						ProvisioningStyle = Automatic;
					};
				};
			};
			buildConfigurationList = F4490EAA1E1C5EAC0002BD45 /* Build configuration list for PBXProject "HackerBooksSuperPro" */;
			compatibilityVersion = "Xcode 3.2";
			developmentRegion = English;
			hasScannedForEncodings = 0;
			knownRegions = (
				en,
				Base,
			);
			mainGroup = F4490EA61E1C5EAC0002BD45;
			productRefGroup = F4490EB01E1C5EAC0002BD45 /* Products */;
			projectDirPath = "";
			projectRoot = "";
			targets = (
				F4490EAE1E1C5EAC0002BD45 /* HackerBooksSuperPro */,
			);
		};
/* End PBXProject section */

/* Begin PBXResourcesBuildPhase section */
		F4490EAD1E1C5EAC0002BD45 /* Resources */ = {
			isa = PBXResourcesBuildPhase;
			buildActionMask = 2147483647;
			files = (
				866A07C91E1CFAF2009991BA /* books_readable.json in Resources */,
				F4490EC01E1C5EAC0002BD45 /* LaunchScreen.storyboard in Resources */,
				8685BE0D1E2020540081FCE7 /* chibiVader.jpg in Resources */,
				F4490EBD1E1C5EAC0002BD45 /* Assets.xcassets in Resources */,
				F4490EB81E1C5EAC0002BD45 /* Main.storyboard in Resources */,
			);
			runOnlyForDeploymentPostprocessing = 0;
		};
/* End PBXResourcesBuildPhase section */

/* Begin PBXSourcesBuildPhase section */
		F4490EAB1E1C5EAC0002BD45 /* Sources */ = {
			isa = PBXSourcesBuildPhase;
			buildActionMask = 2147483647;
			files = (
				86DAE2091E21162B00445FFE /* Annotations+CoreDataClass.swift in Sources */,
				86E574DD1E1ED346003BC8D3 /* CustomTableViewCell.swift in Sources */,
				866A07D11E1D031B009991BA /* Book+CoreDataProperties.swift in Sources */,
				F4490ED81E1C604A0002BD45 /* Pdf+CoreDataProperties.swift in Sources */,
				F4490EDA1E1C604A0002BD45 /* Photo+CoreDataProperties.swift in Sources */,
				866A07CE1E1CFB63009991BA /* Foundation.swift in Sources */,
				F4490EBB1E1C5EAC0002BD45 /* HackerBooksSuperPro.xcdatamodeld in Sources */,
				86DAE20A1E21162B00445FFE /* Annotations+CoreDataProperties.swift in Sources */,
				F4490ECC1E1C5F1C0002BD45 /* Tag+CoreDataProperties.swift in Sources */,
				F4490ED61E1C604A0002BD45 /* Author+CoreDataProperties.swift in Sources */,
				866A07C71E1CFAE1009991BA /* JSONparsing.swift in Sources */,
				F4490EB51E1C5EAC0002BD45 /* ViewController.swift in Sources */,
				866A07C61E1CFAE1009991BA /* Errors.swift in Sources */,
				F4490ECB1E1C5F1C0002BD45 /* Tag+CoreDataClass.swift in Sources */,
				866A07D31E1D2C36009991BA /* CoreDataTableViewController.swift in Sources */,
				8685BE0B1E200BB80081FCE7 /* MapViewController.swift in Sources */,
				F4490ED91E1C604A0002BD45 /* Photo+CoreDataClass.swift in Sources */,
				F4490ED51E1C604A0002BD45 /* Author+CoreDataClass.swift in Sources */,
				86E574E11E1EE70E003BC8D3 /* PdfViewController.swift in Sources */,
				F4490ECD1E1C5F1C0002BD45 /* Book+CoreDataClass.swift in Sources */,
				F4490ED71E1C604A0002BD45 /* Pdf+CoreDataClass.swift in Sources */,
				F4490EB31E1C5EAC0002BD45 /* AppDelegate.swift in Sources */,
				86E574DF1E1EDEF2003BC8D3 /* DetailBookViewController.swift in Sources */,
			);
			runOnlyForDeploymentPostprocessing = 0;
		};
/* End PBXSourcesBuildPhase section */

/* Begin PBXVariantGroup section */
		F4490EB61E1C5EAC0002BD45 /* Main.storyboard */ = {
			isa = PBXVariantGroup;
			children = (
				F4490EB71E1C5EAC0002BD45 /* Base */,
			);
			name = Main.storyboard;
			sourceTree = "<group>";
		};
		F4490EBE1E1C5EAC0002BD45 /* LaunchScreen.storyboard */ = {
			isa = PBXVariantGroup;
			children = (
				F4490EBF1E1C5EAC0002BD45 /* Base */,
			);
			name = LaunchScreen.storyboard;
			sourceTree = "<group>";
		};
/* End PBXVariantGroup section */

/* Begin XCBuildConfiguration section */
		F4490EC21E1C5EAC0002BD45 /* Debug */ = {
			isa = XCBuildConfiguration;
			buildSettings = {
				ALWAYS_SEARCH_USER_PATHS = NO;
				CLANG_ANALYZER_NONNULL = YES;
				CLANG_CXX_LANGUAGE_STANDARD = "gnu++0x";
				CLANG_CXX_LIBRARY = "libc++";
				CLANG_ENABLE_MODULES = YES;
				CLANG_ENABLE_OBJC_ARC = YES;
				CLANG_WARN_BOOL_CONVERSION = YES;
				CLANG_WARN_CONSTANT_CONVERSION = YES;
				CLANG_WARN_DIRECT_OBJC_ISA_USAGE = YES_ERROR;
				CLANG_WARN_DOCUMENTATION_COMMENTS = YES;
				CLANG_WARN_EMPTY_BODY = YES;
				CLANG_WARN_ENUM_CONVERSION = YES;
				CLANG_WARN_INFINITE_RECURSION = YES;
				CLANG_WARN_INT_CONVERSION = YES;
				CLANG_WARN_OBJC_ROOT_CLASS = YES_ERROR;
				CLANG_WARN_SUSPICIOUS_MOVES = YES;
				CLANG_WARN_UNREACHABLE_CODE = YES;
				CLANG_WARN__DUPLICATE_METHOD_MATCH = YES;
				"CODE_SIGN_IDENTITY[sdk=iphoneos*]" = "iPhone Developer";
				COPY_PHASE_STRIP = NO;
				DEBUG_INFORMATION_FORMAT = dwarf;
				ENABLE_STRICT_OBJC_MSGSEND = YES;
				ENABLE_TESTABILITY = YES;
				GCC_C_LANGUAGE_STANDARD = gnu99;
				GCC_DYNAMIC_NO_PIC = NO;
				GCC_NO_COMMON_BLOCKS = YES;
				GCC_OPTIMIZATION_LEVEL = 0;
				GCC_PREPROCESSOR_DEFINITIONS = (
					"DEBUG=1",
					"$(inherited)",
				);
				GCC_WARN_64_TO_32_BIT_CONVERSION = YES;
				GCC_WARN_ABOUT_RETURN_TYPE = YES_ERROR;
				GCC_WARN_UNDECLARED_SELECTOR = YES;
				GCC_WARN_UNINITIALIZED_AUTOS = YES_AGGRESSIVE;
				GCC_WARN_UNUSED_FUNCTION = YES;
				GCC_WARN_UNUSED_VARIABLE = YES;
				IPHONEOS_DEPLOYMENT_TARGET = 10.0;
				MTL_ENABLE_DEBUG_INFO = YES;
				ONLY_ACTIVE_ARCH = YES;
				SDKROOT = iphoneos;
				SWIFT_ACTIVE_COMPILATION_CONDITIONS = DEBUG;
				SWIFT_OPTIMIZATION_LEVEL = "-Onone";
			};
			name = Debug;
		};
		F4490EC31E1C5EAC0002BD45 /* Release */ = {
			isa = XCBuildConfiguration;
			buildSettings = {
				ALWAYS_SEARCH_USER_PATHS = NO;
				CLANG_ANALYZER_NONNULL = YES;
				CLANG_CXX_LANGUAGE_STANDARD = "gnu++0x";
				CLANG_CXX_LIBRARY = "libc++";
				CLANG_ENABLE_MODULES = YES;
				CLANG_ENABLE_OBJC_ARC = YES;
				CLANG_WARN_BOOL_CONVERSION = YES;
				CLANG_WARN_CONSTANT_CONVERSION = YES;
				CLANG_WARN_DIRECT_OBJC_ISA_USAGE = YES_ERROR;
				CLANG_WARN_DOCUMENTATION_COMMENTS = YES;
				CLANG_WARN_EMPTY_BODY = YES;
				CLANG_WARN_ENUM_CONVERSION = YES;
				CLANG_WARN_INFINITE_RECURSION = YES;
				CLANG_WARN_INT_CONVERSION = YES;
				CLANG_WARN_OBJC_ROOT_CLASS = YES_ERROR;
				CLANG_WARN_SUSPICIOUS_MOVES = YES;
				CLANG_WARN_UNREACHABLE_CODE = YES;
				CLANG_WARN__DUPLICATE_METHOD_MATCH = YES;
				"CODE_SIGN_IDENTITY[sdk=iphoneos*]" = "iPhone Developer";
				COPY_PHASE_STRIP = NO;
				DEBUG_INFORMATION_FORMAT = "dwarf-with-dsym";
				ENABLE_NS_ASSERTIONS = NO;
				ENABLE_STRICT_OBJC_MSGSEND = YES;
				GCC_C_LANGUAGE_STANDARD = gnu99;
				GCC_NO_COMMON_BLOCKS = YES;
				GCC_WARN_64_TO_32_BIT_CONVERSION = YES;
				GCC_WARN_ABOUT_RETURN_TYPE = YES_ERROR;
				GCC_WARN_UNDECLARED_SELECTOR = YES;
				GCC_WARN_UNINITIALIZED_AUTOS = YES_AGGRESSIVE;
				GCC_WARN_UNUSED_FUNCTION = YES;
				GCC_WARN_UNUSED_VARIABLE = YES;
				IPHONEOS_DEPLOYMENT_TARGET = 10.0;
				MTL_ENABLE_DEBUG_INFO = NO;
				SDKROOT = iphoneos;
				SWIFT_OPTIMIZATION_LEVEL = "-Owholemodule";
				VALIDATE_PRODUCT = YES;
			};
			name = Release;
		};
		F4490EC51E1C5EAC0002BD45 /* Debug */ = {
			isa = XCBuildConfiguration;
			buildSettings = {
				ASSETCATALOG_COMPILER_APPICON_NAME = AppIcon;
				INFOPLIST_FILE = HackerBooksSuperPro/Info.plist;
				LD_RUNPATH_SEARCH_PATHS = "$(inherited) @executable_path/Frameworks";
				PRODUCT_BUNDLE_IDENTIFIER = styleapps.HackerBooksSuperPro;
				PRODUCT_NAME = "$(TARGET_NAME)";
				SWIFT_VERSION = 3.0;
			};
			name = Debug;
		};
		F4490EC61E1C5EAC0002BD45 /* Release */ = {
			isa = XCBuildConfiguration;
			buildSettings = {
				ASSETCATALOG_COMPILER_APPICON_NAME = AppIcon;
				INFOPLIST_FILE = HackerBooksSuperPro/Info.plist;
				LD_RUNPATH_SEARCH_PATHS = "$(inherited) @executable_path/Frameworks";
				PRODUCT_BUNDLE_IDENTIFIER = styleapps.HackerBooksSuperPro;
				PRODUCT_NAME = "$(TARGET_NAME)";
				SWIFT_VERSION = 3.0;
			};
			name = Release;
		};
/* End XCBuildConfiguration section */

/* Begin XCConfigurationList section */
		F4490EAA1E1C5EAC0002BD45 /* Build configuration list for PBXProject "HackerBooksSuperPro" */ = {
			isa = XCConfigurationList;
			buildConfigurations = (
				F4490EC21E1C5EAC0002BD45 /* Debug */,
				F4490EC31E1C5EAC0002BD45 /* Release */,
			);
			defaultConfigurationIsVisible = 0;
			defaultConfigurationName = Release;
		};
		F4490EC41E1C5EAC0002BD45 /* Build configuration list for PBXNativeTarget "HackerBooksSuperPro" */ = {
			isa = XCConfigurationList;
			buildConfigurations = (
				F4490EC51E1C5EAC0002BD45 /* Debug */,
				F4490EC61E1C5EAC0002BD45 /* Release */,
			);
			defaultConfigurationIsVisible = 0;
			defaultConfigurationName = Release;
		};
/* End XCConfigurationList section */

/* Begin XCVersionGroup section */
		F4490EB91E1C5EAC0002BD45 /* HackerBooksSuperPro.xcdatamodeld */ = {
			isa = XCVersionGroup;
			children = (
				F4490EBA1E1C5EAC0002BD45 /* HackerBooksSuperPro.xcdatamodel */,
			);
			currentVersion = F4490EBA1E1C5EAC0002BD45 /* HackerBooksSuperPro.xcdatamodel */;
			path = HackerBooksSuperPro.xcdatamodeld;
			sourceTree = "<group>";
			versionGroupType = wrapper.xcdatamodel;
		};
/* End XCVersionGroup section */
	};
	rootObject = F4490EA71E1C5EAC0002BD45 /* Project object */;
}
