// !$*UTF8*$!
{
	archiveVersion = 1;
	classes = {
	};
	objectVersion = 46;
	objects = {

/* Begin PBXBuildFile section */
		F4490EB31E1C5EAC0002BD45 /* AppDelegate.swift in Sources */ = {isa = PBXBuildFile; fileRef = F4490EB21E1C5EAC0002BD45 /* AppDelegate.swift */; };
		F4490EB51E1C5EAC0002BD45 /* ViewController.swift in Sources */ = {isa = PBXBuildFile; fileRef = F4490EB41E1C5EAC0002BD45 /* ViewController.swift */; };
		F4490EB81E1C5EAC0002BD45 /* Main.storyboard in Resources */ = {isa = PBXBuildFile; fileRef = F4490EB61E1C5EAC0002BD45 /* Main.storyboard */; };
		F4490EBB1E1C5EAC0002BD45 /* HackerBooksSuperPro.xcdatamodeld in Sources */ = {isa = PBXBuildFile; fileRef = F4490EB91E1C5EAC0002BD45 /* HackerBooksSuperPro.xcdatamodeld */; };
		F4490EBD1E1C5EAC0002BD45 /* Assets.xcassets in Resources */ = {isa = PBXBuildFile; fileRef = F4490EBC1E1C5EAC0002BD45 /* Assets.xcassets */; };
		F4490EC01E1C5EAC0002BD45 /* LaunchScreen.storyboard in Resources */ = {isa = PBXBuildFile; fileRef = F4490EBE1E1C5EAC0002BD45 /* LaunchScreen.storyboard */; };
/* End PBXBuildFile section */

/* Begin PBXFileReference section */
		F4490EAF1E1C5EAC0002BD45 /* HackerBooksSuperPro.app */ = {isa = PBXFileReference; explicitFileType = wrapper.application; includeInIndex = 0; path = HackerBooksSuperPro.app; sourceTree = BUILT_PRODUCTS_DIR; };
		F4490EB21E1C5EAC0002BD45 /* AppDelegate.swift */ = {isa = PBXFileReference; lastKnownFileType = sourcecode.swift; path = AppDelegate.swift; sourceTree = "<group>"; };
		F4490EB41E1C5EAC0002BD45 /* ViewController.swift */ = {isa = PBXFileReference; lastKnownFileType = sourcecode.swift; path = ViewController.swift; sourceTree = "<group>"; };
		F4490EB71E1C5EAC0002BD45 /* Base */ = {isa = PBXFileReference; lastKnownFileType = file.storyboard; name = Base; path = Base.lproj/Main.storyboard; sourceTree = "<group>"; };
		F4490EBA1E1C5EAC0002BD45 /* HackerBooksSuperPro.xcdatamodel */ = {isa = PBXFileReference; lastKnownFileType = wrapper.xcdatamodel; path = HackerBooksSuperPro.xcdatamodel; sourceTree = "<group>"; };
		F4490EBC1E1C5EAC0002BD45 /* Assets.xcassets */ = {isa = PBXFileReference; lastKnownFileType = folder.assetcatalog; path = Assets.xcassets; sourceTree = "<group>"; };
		F4490EBF1E1C5EAC0002BD45 /* Base */ = {isa = PBXFileReference; lastKnownFileType = file.storyboard; name = Base; path = Base.lproj/LaunchScreen.storyboard; sourceTree = "<group>"; };
		F4490EC11E1C5EAC0002BD45 /* Info.plist */ = {isa = PBXFileReference; lastKnownFileType = text.plist.xml; path = Info.plist; sourceTree = "<group>"; };
/* End PBXFileReference section */

/* Begin PBXFrameworksBuildPhase section */
		F4490EAC1E1C5EAC0002BD45 /* Frameworks */ = {
			isa = PBXFrameworksBuildPhase;
			buildActionMask = 2147483647;
			files = (
			);
			runOnlyForDeploymentPostprocessing = 0;
		};
/* End PBXFrameworksBuildPhase section */

/* Begin PBXGroup section */
		F4490EA61E1C5EAC0002BD45 = {
			isa = PBXGroup;
			children = (
				F4490EB11E1C5EAC0002BD45 /* HackerBooksSuperPro */,
				F4490EB01E1C5EAC0002BD45 /* Products */,
			);
			sourceTree = "<group>";
		};
		F4490EB01E1C5EAC0002BD45 /* Products */ = {
			isa = PBXGroup;
			children = (
				F4490EAF1E1C5EAC0002BD45 /* HackerBooksSuperPro.app */,
			);
			name = Products;
			sourceTree = "<group>";
		};
		F4490EB11E1C5EAC0002BD45 /* HackerBooksSuperPro */ = {
			isa = PBXGroup;
			children = (
				F4490EB21E1C5EAC0002BD45 /* AppDelegate.swift */,
				F4490EB41E1C5EAC0002BD45 /* ViewController.swift */,
				F4490EB61E1C5EAC0002BD45 /* Main.storyboard */,
				F4490EBC1E1C5EAC0002BD45 /* Assets.xcassets */,
				F4490EBE1E1C5EAC0002BD45 /* LaunchScreen.storyboard */,
				F4490EC11E1C5EAC0002BD45 /* Info.plist */,
				F4490EB91E1C5EAC0002BD45 /* HackerBooksSuperPro.xcdatamodeld */,
			);
			path = HackerBooksSuperPro;
			sourceTree = "<group>";
		};
/* End PBXGroup section */

/* Begin PBXNativeTarget section */
		F4490EAE1E1C5EAC0002BD45 /* HackerBooksSuperPro */ = {
			isa = PBXNativeTarget;
			buildConfigurationList = F4490EC41E1C5EAC0002BD45 /* Build configuration list for PBXNativeTarget "HackerBooksSuperPro" */;
			buildPhases = (
				F4490EAB1E1C5EAC0002BD45 /* Sources */,
				F4490EAC1E1C5EAC0002BD45 /* Frameworks */,
				F4490EAD1E1C5EAC0002BD45 /* Resources */,
			);
			buildRules = (
			);
			dependencies = (
			);
			name = HackerBooksSuperPro;
			productName = HackerBooksSuperPro;
			productReference = F4490EAF1E1C5EAC0002BD45 /* HackerBooksSuperPro.app */;
			productType = "com.apple.product-type.application";
		};
/* End PBXNativeTarget section */

/* Begin PBXProject section */
		F4490EA71E1C5EAC0002BD45 /* Project object */ = {
			isa = PBXProject;
			attributes = {
				LastSwiftUpdateCheck = 0800;
				LastUpgradeCheck = 0800;
				ORGANIZATIONNAME = styleapps;
				TargetAttributes = {
					F4490EAE1E1C5EAC0002BD45 = {
						CreatedOnToolsVersion = 8.0;
						ProvisioningStyle = Automatic;
					};
				};
			};
			buildConfigurationList = F4490EAA1E1C5EAC0002BD45 /* Build configuration list for PBXProject "HackerBooksSuperPro" */;
			compatibilityVersion = "Xcode 3.2";
			developmentRegion = English;
			hasScannedForEncodings = 0;
			knownRegions = (
				en,
				Base,
			);
			mainGroup = F4490EA61E1C5EAC0002BD45;
			productRefGroup = F4490EB01E1C5EAC0002BD45 /* Products */;
			projectDirPath = "";
			projectRoot = "";
			targets = (
				F4490EAE1E1C5EAC0002BD45 /* HackerBooksSuperPro */,
			);
		};
/* End PBXProject section */

/* Begin PBXResourcesBuildPhase section */
		F4490EAD1E1C5EAC0002BD45 /* Resources */ = {
			isa = PBXResourcesBuildPhase;
			buildActionMask = 2147483647;
			files = (
				F4490EC01E1C5EAC0002BD45 /* LaunchScreen.storyboard in Resources */,
				F4490EBD1E1C5EAC0002BD45 /* Assets.xcassets in Resources */,
				F4490EB81E1C5EAC0002BD45 /* Main.storyboard in Resources */,
			);
			runOnlyForDeploymentPostprocessing = 0;
		};
/* End PBXResourcesBuildPhase section */

/* Begin PBXSourcesBuildPhase section */
		F4490EAB1E1C5EAC0002BD45 /* Sources */ = {
			isa = PBXSourcesBuildPhase;
			buildActionMask = 2147483647;
			files = (
				F4490EBB1E1C5EAC0002BD45 /* HackerBooksSuperPro.xcdatamodeld in Sources */,
				F4490EB51E1C5EAC0002BD45 /* ViewController.swift in Sources */,
				F4490EB31E1C5EAC0002BD45 /* AppDelegate.swift in Sources */,
			);
			runOnlyForDeploymentPostprocessing = 0;
		};
/* End PBXSourcesBuildPhase section */

/* Begin PBXVariantGroup section */
		F4490EB61E1C5EAC0002BD45 /* Main.storyboard */ = {
			isa = PBXVariantGroup;
			children = (
				F4490EB71E1C5EAC0002BD45 /* Base */,
			);
			name = Main.storyboard;
			sourceTree = "<group>";
		};
		F4490EBE1E1C5EAC0002BD45 /* LaunchScreen.storyboard */ = {
			isa = PBXVariantGroup;
			children = (
				F4490EBF1E1C5EAC0002BD45 /* Base */,
			);
			name = LaunchScreen.storyboard;
			sourceTree = "<group>";
		};
/* End PBXVariantGroup section */

/* Begin XCBuildConfiguration section */
		F4490EC21E1C5EAC0002BD45 /* Debug */ = {
			isa = XCBuildConfiguration;
			buildSettings = {
				ALWAYS_SEARCH_USER_PATHS = NO;
				CLANG_ANALYZER_NONNULL = YES;
				CLANG_CXX_LANGUAGE_STANDARD = "gnu++0x";
				CLANG_CXX_LIBRARY = "libc++";
				CLANG_ENABLE_MODULES = YES;
				CLANG_ENABLE_OBJC_ARC = YES;
				CLANG_WARN_BOOL_CONVERSION = YES;
				CLANG_WARN_CONSTANT_CONVERSION = YES;
				CLANG_WARN_DIRECT_OBJC_ISA_USAGE = YES_ERROR;
				CLANG_WARN_DOCUMENTATION_COMMENTS = YES;
				CLANG_WARN_EMPTY_BODY = YES;
				CLANG_WARN_ENUM_CONVERSION = YES;
				CLANG_WARN_INFINITE_RECURSION = YES;
				CLANG_WARN_INT_CONVERSION = YES;
				CLANG_WARN_OBJC_ROOT_CLASS = YES_ERROR;
				CLANG_WARN_SUSPICIOUS_MOVES = YES;
				CLANG_WARN_UNREACHABLE_CODE = YES;
				CLANG_WARN__DUPLICATE_METHOD_MATCH = YES;
				"CODE_SIGN_IDENTITY[sdk=iphoneos*]" = "iPhone Developer";
				COPY_PHASE_STRIP = NO;
				DEBUG_INFORMATION_FORMAT = dwarf;
				ENABLE_STRICT_OBJC_MSGSEND = YES;
				ENABLE_TESTABILITY = YES;
				GCC_C_LANGUAGE_STANDARD = gnu99;
				GCC_DYNAMIC_NO_PIC = NO;
				GCC_NO_COMMON_BLOCKS = YES;
				GCC_OPTIMIZATION_LEVEL = 0;
				GCC_PREPROCESSOR_DEFINITIONS = (
					"DEBUG=1",
					"$(inherited)",
				);
				GCC_WARN_64_TO_32_BIT_CONVERSION = YES;
				GCC_WARN_ABOUT_RETURN_TYPE = YES_ERROR;
				GCC_WARN_UNDECLARED_SELECTOR = YES;
				GCC_WARN_UNINITIALIZED_AUTOS = YES_AGGRESSIVE;
				GCC_WARN_UNUSED_FUNCTION = YES;
				GCC_WARN_UNUSED_VARIABLE = YES;
				IPHONEOS_DEPLOYMENT_TARGET = 10.0;
				MTL_ENABLE_DEBUG_INFO = YES;
				ONLY_ACTIVE_ARCH = YES;
				SDKROOT = iphoneos;
				SWIFT_ACTIVE_COMPILATION_CONDITIONS = DEBUG;
				SWIFT_OPTIMIZATION_LEVEL = "-Onone";
			};
			name = Debug;
		};
		F4490EC31E1C5EAC0002BD45 /* Release */ = {
			isa = XCBuildConfiguration;
			buildSettings = {
				ALWAYS_SEARCH_USER_PATHS = NO;
				CLANG_ANALYZER_NONNULL = YES;
				CLANG_CXX_LANGUAGE_STANDARD = "gnu++0x";
				CLANG_CXX_LIBRARY = "libc++";
				CLANG_ENABLE_MODULES = YES;
				CLANG_ENABLE_OBJC_ARC = YES;
				CLANG_WARN_BOOL_CONVERSION = YES;
				CLANG_WARN_CONSTANT_CONVERSION = YES;
				CLANG_WARN_DIRECT_OBJC_ISA_USAGE = YES_ERROR;
				CLANG_WARN_DOCUMENTATION_COMMENTS = YES;
				CLANG_WARN_EMPTY_BODY = YES;
				CLANG_WARN_ENUM_CONVERSION = YES;
				CLANG_WARN_INFINITE_RECURSION = YES;
				CLANG_WARN_INT_CONVERSION = YES;
				CLANG_WARN_OBJC_ROOT_CLASS = YES_ERROR;
				CLANG_WARN_SUSPICIOUS_MOVES = YES;
				CLANG_WARN_UNREACHABLE_CODE = YES;
				CLANG_WARN__DUPLICATE_METHOD_MATCH = YES;
				"CODE_SIGN_IDENTITY[sdk=iphoneos*]" = "iPhone Developer";
				COPY_PHASE_STRIP = NO;
				DEBUG_INFORMATION_FORMAT = "dwarf-with-dsym";
				ENABLE_NS_ASSERTIONS = NO;
				ENABLE_STRICT_OBJC_MSGSEND = YES;
				GCC_C_LANGUAGE_STANDARD = gnu99;
				GCC_NO_COMMON_BLOCKS = YES;
				GCC_WARN_64_TO_32_BIT_CONVERSION = YES;
				GCC_WARN_ABOUT_RETURN_TYPE = YES_ERROR;
				GCC_WARN_UNDECLARED_SELECTOR = YES;
				GCC_WARN_UNINITIALIZED_AUTOS = YES_AGGRESSIVE;
				GCC_WARN_UNUSED_FUNCTION = YES;
				GCC_WARN_UNUSED_VARIABLE = YES;
				IPHONEOS_DEPLOYMENT_TARGET = 10.0;
				MTL_ENABLE_DEBUG_INFO = NO;
				SDKROOT = iphoneos;
				SWIFT_OPTIMIZATION_LEVEL = "-Owholemodule";
				VALIDATE_PRODUCT = YES;
			};
			name = Release;
		};
		F4490EC51E1C5EAC0002BD45 /* Debug */ = {
			isa = XCBuildConfiguration;
			buildSettings = {
				ASSETCATALOG_COMPILER_APPICON_NAME = AppIcon;
				INFOPLIST_FILE = HackerBooksSuperPro/Info.plist;
				LD_RUNPATH_SEARCH_PATHS = "$(inherited) @executable_path/Frameworks";
				PRODUCT_BUNDLE_IDENTIFIER = styleapps.HackerBooksSuperPro;
				PRODUCT_NAME = "$(TARGET_NAME)";
				SWIFT_VERSION = 3.0;
			};
			name = Debug;
		};
		F4490EC61E1C5EAC0002BD45 /* Release */ = {
			isa = XCBuildConfiguration;
			buildSettings = {
				ASSETCATALOG_COMPILER_APPICON_NAME = AppIcon;
				INFOPLIST_FILE = HackerBooksSuperPro/Info.plist;
				LD_RUNPATH_SEARCH_PATHS = "$(inherited) @executable_path/Frameworks";
				PRODUCT_BUNDLE_IDENTIFIER = styleapps.HackerBooksSuperPro;
				PRODUCT_NAME = "$(TARGET_NAME)";
				SWIFT_VERSION = 3.0;
			};
			name = Release;
		};
/* End XCBuildConfiguration section */

/* Begin XCConfigurationList section */
		F4490EAA1E1C5EAC0002BD45 /* Build configuration list for PBXProject "HackerBooksSuperPro" */ = {
			isa = XCConfigurationList;
			buildConfigurations = (
				F4490EC21E1C5EAC0002BD45 /* Debug */,
				F4490EC31E1C5EAC0002BD45 /* Release */,
			);
			defaultConfigurationIsVisible = 0;
			defaultConfigurationName = Release;
		};
		F4490EC41E1C5EAC0002BD45 /* Build configuration list for PBXNativeTarget "HackerBooksSuperPro" */ = {
			isa = XCConfigurationList;
			buildConfigurations = (
				F4490EC51E1C5EAC0002BD45 /* Debug */,
				F4490EC61E1C5EAC0002BD45 /* Release */,
			);
			defaultConfigurationIsVisible = 0;
		};
/* End XCConfigurationList section */

/* Begin XCVersionGroup section */
		F4490EB91E1C5EAC0002BD45 /* HackerBooksSuperPro.xcdatamodeld */ = {
			isa = XCVersionGroup;
			children = (
				F4490EBA1E1C5EAC0002BD45 /* HackerBooksSuperPro.xcdatamodel */,
			);
			currentVersion = F4490EBA1E1C5EAC0002BD45 /* HackerBooksSuperPro.xcdatamodel */;
			path = HackerBooksSuperPro.xcdatamodeld;
			sourceTree = "<group>";
			versionGroupType = wrapper.xcdatamodel;
		};
/* End XCVersionGroup section */
	};
	rootObject = F4490EA71E1C5EAC0002BD45 /* Project object */;
}
